
Microsoft Visual Studio Solution File, Format Version 12.00
# Visual Studio 15
VisualStudioVersion = 15.0.26124.0
MinimumVisualStudioVersion = 15.0.26124.0
Project("{2150E333-8FDC-42A3-9474-1A3956D46DE8}") = "src", "src", "{0AA0F5CC-7919-4A63-BFA4-AA6B4ED82062}"
EndProject
Project("{FAE04EC0-301F-11D3-BF4B-00C04F79EFBC}") = "GradeBook", "src\GradeBook\GradeBook.csproj", "{390D4434-7499-40C7-AFAC-E3DD3D29FEA0}"
EndProject
Project("{2150E333-8FDC-42A3-9474-1A3956D46DE8}") = "test", "test", "{F8DC594F-693B-47C5-BE12-F5EC37DACCCC}"
EndProject
Project("{FAE04EC0-301F-11D3-BF4B-00C04F79EFBC}") = "gradebook.test", "test\GradeBook.test\gradebook.test.csproj", "{F0429820-B3E6-4135-9A3D-8236400763F0}"
EndProject
Global
	GlobalSection(SolutionConfigurationPlatforms) = preSolution
		Debug|Any CPU = Debug|Any CPU
		Debug|x64 = Debug|x64
		Debug|x86 = Debug|x86
		Release|Any CPU = Release|Any CPU
		Release|x64 = Release|x64
		Release|x86 = Release|x86
	EndGlobalSection
	GlobalSection(SolutionProperties) = preSolution
		HideSolutionNode = FALSE
	EndGlobalSection
	GlobalSection(ProjectConfigurationPlatforms) = postSolution
		{390D4434-7499-40C7-AFAC-E3DD3D29FEA0}.Debug|Any CPU.ActiveCfg = Debug|Any CPU
		{390D4434-7499-40C7-AFAC-E3DD3D29FEA0}.Debug|Any CPU.Build.0 = Debug|Any CPU
		{390D4434-7499-40C7-AFAC-E3DD3D29FEA0}.Debug|x64.ActiveCfg = Debug|Any CPU
		{390D4434-7499-40C7-AFAC-E3DD3D29FEA0}.Debug|x64.Build.0 = Debug|Any CPU
		{390D4434-7499-40C7-AFAC-E3DD3D29FEA0}.Debug|x86.ActiveCfg = Debug|Any CPU
		{390D4434-7499-40C7-AFAC-E3DD3D29FEA0}.Debug|x86.Build.0 = Debug|Any CPU
		{390D4434-7499-40C7-AFAC-E3DD3D29FEA0}.Release|Any CPU.ActiveCfg = Release|Any CPU
		{390D4434-7499-40C7-AFAC-E3DD3D29FEA0}.Release|Any CPU.Build.0 = Release|Any CPU
		{390D4434-7499-40C7-AFAC-E3DD3D29FEA0}.Release|x64.ActiveCfg = Release|Any CPU
		{390D4434-7499-40C7-AFAC-E3DD3D29FEA0}.Release|x64.Build.0 = Release|Any CPU
		{390D4434-7499-40C7-AFAC-E3DD3D29FEA0}.Release|x86.ActiveCfg = Release|Any CPU
		{390D4434-7499-40C7-AFAC-E3DD3D29FEA0}.Release|x86.Build.0 = Release|Any CPU
		{F0429820-B3E6-4135-9A3D-8236400763F0}.Debug|Any CPU.ActiveCfg = Debug|Any CPU
		{F0429820-B3E6-4135-9A3D-8236400763F0}.Debug|Any CPU.Build.0 = Debug|Any CPU
		{F0429820-B3E6-4135-9A3D-8236400763F0}.Debug|x64.ActiveCfg = Debug|Any CPU
		{F0429820-B3E6-4135-9A3D-8236400763F0}.Debug|x64.Build.0 = Debug|Any CPU
		{F0429820-B3E6-4135-9A3D-8236400763F0}.Debug|x86.ActiveCfg = Debug|Any CPU
		{F0429820-B3E6-4135-9A3D-8236400763F0}.Debug|x86.Build.0 = Debug|Any CPU
		{F0429820-B3E6-4135-9A3D-8236400763F0}.Release|Any CPU.ActiveCfg = Release|Any CPU
		{F0429820-B3E6-4135-9A3D-8236400763F0}.Release|Any CPU.Build.0 = Release|Any CPU
		{F0429820-B3E6-4135-9A3D-8236400763F0}.Release|x64.ActiveCfg = Release|Any CPU
		{F0429820-B3E6-4135-9A3D-8236400763F0}.Release|x64.Build.0 = Release|Any CPU
		{F0429820-B3E6-4135-9A3D-8236400763F0}.Release|x86.ActiveCfg = Release|Any CPU
		{F0429820-B3E6-4135-9A3D-8236400763F0}.Release|x86.Build.0 = Release|Any CPU
	EndGlobalSection
	GlobalSection(NestedProjects) = preSolution
		{390D4434-7499-40C7-AFAC-E3DD3D29FEA0} = {0AA0F5CC-7919-4A63-BFA4-AA6B4ED82062}
		{F0429820-B3E6-4135-9A3D-8236400763F0} = {F8DC594F-693B-47C5-BE12-F5EC37DACCCC}
	EndGlobalSection
EndGlobal
